
Microsoft Visual Studio Solution File, Format Version 12.00
# Visual Studio Version 16
VisualStudioVersion = 16.0.29326.143
MinimumVisualStudioVersion = 10.0.40219.1
Project("{FAE04EC0-301F-11D3-BF4B-00C04F79EFBC}") = "MealVoteApi", "MealVoteApi\MealVoteApi.csproj", "{F783DE87-E1B8-4329-9CB9-2A7BE49F268F}"
EndProject
Project("{FAE04EC0-301F-11D3-BF4B-00C04F79EFBC}") = "MealVoteDomain", "MealVoteDomain\MealVoteDomain.csproj", "{5ACF0ADA-5102-4BCF-9235-D56774CBC281}"
EndProject
Global
	GlobalSection(SolutionConfigurationPlatforms) = preSolution
		Debug|Any CPU = Debug|Any CPU
		Release|Any CPU = Release|Any CPU
	EndGlobalSection
	GlobalSection(ProjectConfigurationPlatforms) = postSolution
		{F783DE87-E1B8-4329-9CB9-2A7BE49F268F}.Debug|Any CPU.ActiveCfg = Debug|Any CPU
		{F783DE87-E1B8-4329-9CB9-2A7BE49F268F}.Debug|Any CPU.Build.0 = Debug|Any CPU
		{F783DE87-E1B8-4329-9CB9-2A7BE49F268F}.Release|Any CPU.ActiveCfg = Release|Any CPU
		{F783DE87-E1B8-4329-9CB9-2A7BE49F268F}.Release|Any CPU.Build.0 = Release|Any CPU
		{5ACF0ADA-5102-4BCF-9235-D56774CBC281}.Debug|Any CPU.ActiveCfg = Debug|Any CPU
		{5ACF0ADA-5102-4BCF-9235-D56774CBC281}.Debug|Any CPU.Build.0 = Debug|Any CPU
		{5ACF0ADA-5102-4BCF-9235-D56774CBC281}.Release|Any CPU.ActiveCfg = Release|Any CPU
		{5ACF0ADA-5102-4BCF-9235-D56774CBC281}.Release|Any CPU.Build.0 = Release|Any CPU
	EndGlobalSection
	GlobalSection(SolutionProperties) = preSolution
		HideSolutionNode = FALSE
	EndGlobalSection
	GlobalSection(ExtensibilityGlobals) = postSolution
		SolutionGuid = {FE0ADB99-DD2E-48BA-877B-53F6FFAF0E3F}
	EndGlobalSection
EndGlobal
